
Microsoft Visual Studio Solution File, Format Version 12.00
# Visual Studio Version 17
VisualStudioVersion = 17.10.35122.118
MinimumVisualStudioVersion = 10.0.40219.1
Project("{FAE04EC0-301F-11D3-BF4B-00C04F79EFBC}") = "SolviaHwGroupSte2LiteMonitor", "SolviaHwGroupSte2LiteMonitor\SolviaHwGroupSte2LiteMonitor.csproj", "{CFDEBE43-63FB-4401-930C-738CB2A67DA6}"
EndProject
Global
	GlobalSection(SolutionConfigurationPlatforms) = preSolution
		Debug|Any CPU = Debug|Any CPU
		Release|Any CPU = Release|Any CPU
	EndGlobalSection
	GlobalSection(ProjectConfigurationPlatforms) = postSolution
		{CFDEBE43-63FB-4401-930C-738CB2A67DA6}.Debug|Any CPU.ActiveCfg = Debug|Any CPU
		{CFDEBE43-63FB-4401-930C-738CB2A67DA6}.Debug|Any CPU.Build.0 = Debug|Any CPU
		{CFDEBE43-63FB-4401-930C-738CB2A67DA6}.Release|Any CPU.ActiveCfg = Release|Any CPU
		{CFDEBE43-63FB-4401-930C-738CB2A67DA6}.Release|Any CPU.Build.0 = Release|Any CPU
	EndGlobalSection
	GlobalSection(SolutionProperties) = preSolution
		HideSolutionNode = FALSE
	EndGlobalSection
	GlobalSection(ExtensibilityGlobals) = postSolution
		SolutionGuid = {01EB32A7-214E-4770-979F-0EB6222D1C21}
	EndGlobalSection
EndGlobal
